
Microsoft Visual Studio Solution File, Format Version 12.00
# Visual Studio Version 17
VisualStudioVersion = 17.5.33502.453
MinimumVisualStudioVersion = 10.0.40219.1
Project("{9A19103F-16F7-4668-BE54-9A1E7A4F7556}") = "LocallyProAPI", "LocallyProAPI\LocallyProAPI.csproj", "{D0F0EFD4-B02C-4735-9C8A-284723CDACDC}"
EndProject
Project("{2150E333-8FDC-42A3-9474-1A3956D46DE8}") = "Core", "Core", "{8462D79B-F9E8-49E3-BE86-4DA1FC512617}"
EndProject
Project("{9A19103F-16F7-4668-BE54-9A1E7A4F7556}") = "Repositories", "Repositories\Repositories.csproj", "{27BDE574-2C0B-488F-A871-A4625308D1D9}"
EndProject
Global
	GlobalSection(SolutionConfigurationPlatforms) = preSolution
		Debug|Any CPU = Debug|Any CPU
		Release|Any CPU = Release|Any CPU
	EndGlobalSection
	GlobalSection(ProjectConfigurationPlatforms) = postSolution
		{D0F0EFD4-B02C-4735-9C8A-284723CDACDC}.Debug|Any CPU.ActiveCfg = Debug|Any CPU
		{D0F0EFD4-B02C-4735-9C8A-284723CDACDC}.Debug|Any CPU.Build.0 = Debug|Any CPU
		{D0F0EFD4-B02C-4735-9C8A-284723CDACDC}.Release|Any CPU.ActiveCfg = Release|Any CPU
		{D0F0EFD4-B02C-4735-9C8A-284723CDACDC}.Release|Any CPU.Build.0 = Release|Any CPU
		{27BDE574-2C0B-488F-A871-A4625308D1D9}.Debug|Any CPU.ActiveCfg = Debug|Any CPU
		{27BDE574-2C0B-488F-A871-A4625308D1D9}.Debug|Any CPU.Build.0 = Debug|Any CPU
		{27BDE574-2C0B-488F-A871-A4625308D1D9}.Release|Any CPU.ActiveCfg = Release|Any CPU
		{27BDE574-2C0B-488F-A871-A4625308D1D9}.Release|Any CPU.Build.0 = Release|Any CPU
	EndGlobalSection
	GlobalSection(SolutionProperties) = preSolution
		HideSolutionNode = FALSE
	EndGlobalSection
	GlobalSection(NestedProjects) = preSolution
		{27BDE574-2C0B-488F-A871-A4625308D1D9} = {8462D79B-F9E8-49E3-BE86-4DA1FC512617}
	EndGlobalSection
	GlobalSection(ExtensibilityGlobals) = postSolution
		SolutionGuid = {2C50BC3E-9B2F-4EE8-81EE-7298CC457B94}
	EndGlobalSection
EndGlobal
